
Microsoft Visual Studio Solution File, Format Version 12.00
# Visual Studio Version 16
VisualStudioVersion = 16.0.32630.194
MinimumVisualStudioVersion = 10.0.40219.1
Project("{FAE04EC0-301F-11D3-BF4B-00C04F79EFBC}") = "OperatorOverloading", "OperatorOverloading\OperatorOverloading.csproj", "{B50C42FA-CDB3-4EE1-B0C1-8AD68AE7EBB7}"
EndProject
Global
	GlobalSection(SolutionConfigurationPlatforms) = preSolution
		Debug|Any CPU = Debug|Any CPU
		Release|Any CPU = Release|Any CPU
	EndGlobalSection
	GlobalSection(ProjectConfigurationPlatforms) = postSolution
		{B50C42FA-CDB3-4EE1-B0C1-8AD68AE7EBB7}.Debug|Any CPU.ActiveCfg = Debug|Any CPU
		{B50C42FA-CDB3-4EE1-B0C1-8AD68AE7EBB7}.Debug|Any CPU.Build.0 = Debug|Any CPU
		{B50C42FA-CDB3-4EE1-B0C1-8AD68AE7EBB7}.Release|Any CPU.ActiveCfg = Release|Any CPU
		{B50C42FA-CDB3-4EE1-B0C1-8AD68AE7EBB7}.Release|Any CPU.Build.0 = Release|Any CPU
	EndGlobalSection
	GlobalSection(SolutionProperties) = preSolution
		HideSolutionNode = FALSE
	EndGlobalSection
	GlobalSection(ExtensibilityGlobals) = postSolution
		SolutionGuid = {F8E23B87-0119-4F06-88B7-138D7B2DC03B}
	EndGlobalSection
EndGlobal
